# @generated - this file is auto-generated by `mise lock` https://mise.en.dev/dev-tools/mise-lock.html

[[tools.dagger]]
version = "0.21.7"
backend = "aqua:dagger/dagger"

[tools.dagger."platforms.linux-x64"]
checksum = "sha256:44430afc6f9c390fc47c4f352b15de9309a5e97ebd1ae563839617d6df8e8cc5"
url = "https://github.com/dagger/dagger/releases/download/v0.21.7/dagger_v0.21.7_linux_amd64.tar.gz"
url_api = "https://api.github.com/repos/dagger/dagger/releases/assets/450438338"

[[tools."github:composer/composer"]]
version = "2.10.3"
backend = "github:composer/composer"

[tools."github:composer/composer".options]
asset_pattern = "composer.phar"

[tools."github:composer/composer"."platforms.linux-x64"]
checksum = "sha256:7a2d379d5b8ffdaa028580ef26494c36d2feef4b178d3dd1473a4dbc5e17c8d6"
url = "https://github.com/composer/composer/releases/download/2.10.3/composer.phar"
url_api = "https://api.github.com/repos/composer/composer/releases/assets/532220185"
provenance = "github-attestations"

[[tools.gitleaks]]
version = "8.30.1"
backend = "aqua:gitleaks/gitleaks"

[tools.gitleaks."platforms.linux-x64"]
checksum = "sha256:551f6fc83ea457d62a0d98237cbad105af8d557003051f41f3e7ca7b3f2470eb"
url = "https://github.com/gitleaks/gitleaks/releases/download/v8.30.1/gitleaks_8.30.1_linux_x64.tar.gz"
url_api = "https://api.github.com/repos/gitleaks/gitleaks/releases/assets/378332058"

[[tools.php]]
version = "8.5.9"
backend = "asdf:php"

[[tools.python]]
version = "3.14.7"
backend = "core:python"

[tools.python."platforms.linux-x64"]
checksum = "sha256:da5357f47b1d9c8d4c439004d463d893ef688a44c27438a62b47073d26d1377e"
url = "https://github.com/astral-sh/python-build-standalone/releases/download/20260929/cpython-3.14.7+20260929-x86_64-unknown-linux-gnu-install_only_stripped.tar.gz"
provenance = "github-attestations"

[[tools.syft]]
version = "1.49.0"
backend = "aqua:anchore/syft"

[tools.syft."platforms.linux-x64"]
checksum = "sha256:7aa2f03ee92739cf643279ba3990548b9925d4e22cae13f46831ee62821147fe"
url = "https://github.com/anchore/syft/releases/download/v1.49.0/syft_1.49.0_linux_amd64.tar.gz"
url_api = "https://api.github.com/repos/anchore/syft/releases/assets/484701708"
